{
  "name": "next-pagination-example",
  "version": "0.0.0",
  "lockfileVersion": 2,
  "requires": true,
  "packages": {
    "": {
      "name": "next-pagination-example",
      "version": "0.0.0",
      "dependencies": {
        "@etchteam/next-pagination": "file:..",
        "@zeit/next-source-maps": "0.0.4-canary.1",
        "next": "^13.5.4",
        "react": "file:../node_modules/react",
        "react-dom": "file:../node_modules/react-dom",
        "sass": "^1.69.0"
      }
    },
    "..": {
      "name": "@etchteam/next-pagination",
      "version": "3.5.5",
      "license": "MIT",
      "dependencies": {
        "classnames": "^2.3.1",
        "lodash": "4.18.1",
        "query-string": "6.12.1"
      },
      "devDependencies": {
        "@types/jest": "^27.5.0",
        "@types/lodash": "^4.14.182",
        "@types/node": "^17.0.31",
        "@types/react": "^18.0.8",
        "@typescript-eslint/eslint-plugin": "^5.22.0",
        "@typescript-eslint/parser": "^5.22.0",
        "babel-eslint": "^10.0.3",
        "cross-env": "^7.0.2",
        "eslint": "^7.1.0",
        "eslint-config-prettier": "^6.7.0",
        "eslint-plugin-import": "^2.26.0",
        "eslint-plugin-prettier": "^3.1.1",
        "eslint-plugin-react": "^7.17.0",
        "gh-pages": "^5.0.0",
        "microbundle-crl": "^0.13.8",
        "next": "^16.1.5",
        "npm-run-all": "^4.1.5",
        "prettier": "^2.0.4",
        "react": "^18.2.0",
        "react-dom": "^18.2.0",
        "react-scripts": "^5.0.1",
        "typescript": "^4.6.4"
      },
      "engines": {
        "node": "^20 || ^22 || ^24"
      },
      "peerDependencies": {
        "next": ">=10",
        "react": ">=16"
      }
    },
    "../node_modules/react": {
      "version": "18.2.0",
      "license": "MIT",
      "dependencies": {
        "loose-envify": "^1.1.0"
      },
      "engines": {
        "node": ">=0.10.0"
      }
    },
    "../node_modules/react-dom": {
      "version": "18.2.0",
      "license": "MIT",
      "dependencies": {
        "loose-envify": "^1.1.0",
        "scheduler": "^0.23.0"
      },
      "peerDependencies": {
        "react": "^18.2.0"
      }
    },
    "node_modules/@etchteam/next-pagination": {
      "resolved": "..",
      "link": true
    },
    "node_modules/@next/env": {
      "version": "13.5.4",
      "resolved": "https://registry.npmjs.org/@next/env/-/env-13.5.4.tgz",
      "integrity": "sha512-LGegJkMvRNw90WWphGJ3RMHMVplYcOfRWf2Be3td3sUa+1AaxmsYyANsA+znrGCBjXJNi4XAQlSoEfUxs/4kIQ=="
    },
    "node_modules/@next/swc-darwin-arm64": {
      "version": "13.5.4",
      "resolved": "https://registry.npmjs.org/@next/swc-darwin-arm64/-/swc-darwin-arm64-13.5.4.tgz",
      "integrity": "sha512-Df8SHuXgF1p+aonBMcDPEsaahNo2TCwuie7VXED4FVyECvdXfRT9unapm54NssV9tF3OQFKBFOdlje4T43VO0w==",
      "cpu": [
        "arm64"
      ],
      "optional": true,
      "os": [
        "darwin"
      ],
      "engines": {
        "node": ">= 10"
      }
    },
    "node_modules/@next/swc-darwin-x64": {
      "version": "13.5.4",
      "resolved": "https://registry.npmjs.org/@next/swc-darwin-x64/-/swc-darwin-x64-13.5.4.tgz",
      "integrity": "sha512-siPuUwO45PnNRMeZnSa8n/Lye5ZX93IJom9wQRB5DEOdFrw0JjOMu1GINB8jAEdwa7Vdyn1oJ2xGNaQpdQQ9Pw==",
      "cpu": [
        "x64"
      ],
      "optional": true,
      "os": [
        "darwin"
      ],
      "engines": {
        "node": ">= 10"
      }
    },
    "node_modules/@next/swc-linux-arm64-gnu": {
      "version": "13.5.4",
      "resolved": "https://registry.npmjs.org/@next/swc-linux-arm64-gnu/-/swc-linux-arm64-gnu-13.5.4.tgz",
      "integrity": "sha512-l/k/fvRP/zmB2jkFMfefmFkyZbDkYW0mRM/LB+tH5u9pB98WsHXC0WvDHlGCYp3CH/jlkJPL7gN8nkTQVrQ/2w==",
      "cpu": [
        "arm64"
      ],
      "optional": true,
      "os": [
        "linux"
      ],
      "engines": {
        "node": ">= 10"
      }
    },
    "node_modules/@next/swc-linux-arm64-musl": {
      "version": "13.5.4",
      "resolved": "https://registry.npmjs.org/@next/swc-linux-arm64-musl/-/swc-linux-arm64-musl-13.5.4.tgz",
      "integrity": "sha512-YYGb7SlLkI+XqfQa8VPErljb7k9nUnhhRrVaOdfJNCaQnHBcvbT7cx/UjDQLdleJcfyg1Hkn5YSSIeVfjgmkTg==",
      "cpu": [
        "arm64"
      ],
      "optional": true,
      "os": [
        "linux"
      ],
      "engines": {
        "node": ">= 10"
      }
    },
    "node_modules/@next/swc-linux-x64-gnu": {
      "version": "13.5.4",
      "resolved": "https://registry.npmjs.org/@next/swc-linux-x64-gnu/-/swc-linux-x64-gnu-13.5.4.tgz",
      "integrity": "sha512-uE61vyUSClnCH18YHjA8tE1prr/PBFlBFhxBZis4XBRJoR+txAky5d7gGNUIbQ8sZZ7LVkSVgm/5Fc7mwXmRAg==",
      "cpu": [
        "x64"
      ],
      "optional": true,
      "os": [
        "linux"
      ],
      "engines": {
        "node": ">= 10"
      }
    },
    "node_modules/@next/swc-linux-x64-musl": {
      "version": "13.5.4",
      "resolved": "https://registry.npmjs.org/@next/swc-linux-x64-musl/-/swc-linux-x64-musl-13.5.4.tgz",
      "integrity": "sha512-qVEKFYML/GvJSy9CfYqAdUexA6M5AklYcQCW+8JECmkQHGoPxCf04iMh7CPR7wkHyWWK+XLt4Ja7hhsPJtSnhg==",
      "cpu": [
        "x64"
      ],
      "optional": true,
      "os": [
        "linux"
      ],
      "engines": {
        "node": ">= 10"
      }
    },
    "node_modules/@next/swc-win32-arm64-msvc": {
      "version": "13.5.4",
      "resolved": "https://registry.npmjs.org/@next/swc-win32-arm64-msvc/-/swc-win32-arm64-msvc-13.5.4.tgz",
      "integrity": "sha512-mDSQfqxAlfpeZOLPxLymZkX0hYF3juN57W6vFHTvwKlnHfmh12Pt7hPIRLYIShk8uYRsKPtMTth/EzpwRI+u8w==",
      "cpu": [
        "arm64"
      ],
      "optional": true,
      "os": [
        "win32"
      ],
      "engines": {
        "node": ">= 10"
      }
    },
    "node_modules/@next/swc-win32-ia32-msvc": {
      "version": "13.5.4",
      "resolved": "https://registry.npmjs.org/@next/swc-win32-ia32-msvc/-/swc-win32-ia32-msvc-13.5.4.tgz",
      "integrity": "sha512-aoqAT2XIekIWoriwzOmGFAvTtVY5O7JjV21giozBTP5c6uZhpvTWRbmHXbmsjZqY4HnEZQRXWkSAppsIBweKqw==",
      "cpu": [
        "ia32"
      ],
      "optional": true,
      "os": [
        "win32"
      ],
      "engines": {
        "node": ">= 10"
      }
    },
    "node_modules/@next/swc-win32-x64-msvc": {
      "version": "13.5.4",
      "resolved": "https://registry.npmjs.org/@next/swc-win32-x64-msvc/-/swc-win32-x64-msvc-13.5.4.tgz",
      "integrity": "sha512-cyRvlAxwlddlqeB9xtPSfNSCRy8BOa4wtMo0IuI9P7Y0XT2qpDrpFKRyZ7kUngZis59mPVla5k8X1oOJ8RxDYg==",
      "cpu": [
        "x64"
      ],
      "optional": true,
      "os": [
        "win32"
      ],
      "engines": {
        "node": ">= 10"
      }
    },
    "node_modules/@parcel/watcher": {
      "version": "2.5.6",
      "resolved": "https://registry.npmjs.org/@parcel/watcher/-/watcher-2.5.6.tgz",
      "integrity": "sha512-tmmZ3lQxAe/k/+rNnXQRawJ4NjxO2hqiOLTHvWchtGZULp4RyFeh6aU4XdOYBFe2KE1oShQTv4AblOs2iOrNnQ==",
      "hasInstallScript": true,
      "license": "MIT",
      "optional": true,
      "dependencies": {
        "detect-libc": "^2.0.3",
        "is-glob": "^4.0.3",
        "node-addon-api": "^7.0.0",
        "picomatch": "^4.0.3"
      },
      "engines": {
        "node": ">= 10.0.0"
      },
      "funding": {
        "type": "opencollective",
        "url": "https://opencollective.com/parcel"
      },
      "optionalDependencies": {
        "@parcel/watcher-android-arm64": "2.5.6",
        "@parcel/watcher-darwin-arm64": "2.5.6",
        "@parcel/watcher-darwin-x64": "2.5.6",
        "@parcel/watcher-freebsd-x64": "2.5.6",
        "@parcel/watcher-linux-arm-glibc": "2.5.6",
        "@parcel/watcher-linux-arm-musl": "2.5.6",
        "@parcel/watcher-linux-arm64-glibc": "2.5.6",
        "@parcel/watcher-linux-arm64-musl": "2.5.6",
        "@parcel/watcher-linux-x64-glibc": "2.5.6",
        "@parcel/watcher-linux-x64-musl": "2.5.6",
        "@parcel/watcher-win32-arm64": "2.5.6",
        "@parcel/watcher-win32-ia32": "2.5.6",
        "@parcel/watcher-win32-x64": "2.5.6"
      }
    },
    "node_modules/@parcel/watcher-android-arm64": {
      "version": "2.5.6",
      "resolved": "https://registry.npmjs.org/@parcel/watcher-android-arm64/-/watcher-android-arm64-2.5.6.tgz",
      "integrity": "sha512-YQxSS34tPF/6ZG7r/Ih9xy+kP/WwediEUsqmtf0cuCV5TPPKw/PQHRhueUo6JdeFJaqV3pyjm0GdYjZotbRt/A==",
      "cpu": [
        "arm64"
      ],
      "license": "MIT",
      "optional": true,
      "os": [
        "android"
      ],
      "engines": {
        "node": ">= 10.0.0"
      },
      "funding": {
        "type": "opencollective",
        "url": "https://opencollective.com/parcel"
      }
    },
    "node_modules/@parcel/watcher-darwin-arm64": {
      "version": "2.5.6",
      "resolved": "https://registry.npmjs.org/@parcel/watcher-darwin-arm64/-/watcher-darwin-arm64-2.5.6.tgz",
      "integrity": "sha512-Z2ZdrnwyXvvvdtRHLmM4knydIdU9adO3D4n/0cVipF3rRiwP+3/sfzpAwA/qKFL6i1ModaabkU7IbpeMBgiVEA==",
      "cpu": [
        "arm64"
      ],
      "license": "MIT",
      "optional": true,
      "os": [
        "darwin"
      ],
      "engines": {
        "node": ">= 10.0.0"
      },
      "funding": {
        "type": "opencollective",
        "url": "https://opencollective.com/parcel"
      }
    },
    "node_modules/@parcel/watcher-darwin-x64": {
      "version": "2.5.6",
      "resolved": "https://registry.npmjs.org/@parcel/watcher-darwin-x64/-/watcher-darwin-x64-2.5.6.tgz",
      "integrity": "sha512-HgvOf3W9dhithcwOWX9uDZyn1lW9R+7tPZ4sug+NGrGIo4Rk1hAXLEbcH1TQSqxts0NYXXlOWqVpvS1SFS4fRg==",
      "cpu": [
        "x64"
      ],
      "license": "MIT",
      "optional": true,
      "os": [
        "darwin"
      ],
      "engines": {
        "node": ">= 10.0.0"
      },
      "funding": {
        "type": "opencollective",
        "url": "https://opencollective.com/parcel"
      }
    },
    "node_modules/@parcel/watcher-freebsd-x64": {
      "version": "2.5.6",
      "resolved": "https://registry.npmjs.org/@parcel/watcher-freebsd-x64/-/watcher-freebsd-x64-2.5.6.tgz",
      "integrity": "sha512-vJVi8yd/qzJxEKHkeemh7w3YAn6RJCtYlE4HPMoVnCpIXEzSrxErBW5SJBgKLbXU3WdIpkjBTeUNtyBVn8TRng==",
      "cpu": [
        "x64"
      ],
      "license": "MIT",
      "optional": true,
      "os": [
        "freebsd"
      ],
      "engines": {
        "node": ">= 10.0.0"
      },
      "funding": {
        "type": "opencollective",
        "url": "https://opencollective.com/parcel"
      }
    },
    "node_modules/@parcel/watcher-linux-arm-glibc": {
      "version": "2.5.6",
      "resolved": "https://registry.npmjs.org/@parcel/watcher-linux-arm-glibc/-/watcher-linux-arm-glibc-2.5.6.tgz",
      "integrity": "sha512-9JiYfB6h6BgV50CCfasfLf/uvOcJskMSwcdH1PHH9rvS1IrNy8zad6IUVPVUfmXr+u+Km9IxcfMLzgdOudz9EQ==",
      "cpu": [
        "arm"
      ],
      "license": "MIT",
      "optional": true,
      "os": [
        "linux"
      ],
      "engines": {
        "node": ">= 10.0.0"
      },
      "funding": {
        "type": "opencollective",
        "url": "https://opencollective.com/parcel"
      }
    },
    "node_modules/@parcel/watcher-linux-arm-musl": {
      "version": "2.5.6",
      "resolved": "https://registry.npmjs.org/@parcel/watcher-linux-arm-musl/-/watcher-linux-arm-musl-2.5.6.tgz",
      "integrity": "sha512-Ve3gUCG57nuUUSyjBq/MAM0CzArtuIOxsBdQ+ftz6ho8n7s1i9E1Nmk/xmP323r2YL0SONs1EuwqBp2u1k5fxg==",
      "cpu": [
        "arm"
      ],
      "license": "MIT",
      "optional": true,
      "os": [
        "linux"
      ],
      "engines": {
        "node": ">= 10.0.0"
      },
      "funding": {
        "type": "opencollective",
        "url": "https://opencollective.com/parcel"
      }
    },
    "node_modules/@parcel/watcher-linux-arm64-glibc": {
      "version": "2.5.6",
      "resolved": "https://registry.npmjs.org/@parcel/watcher-linux-arm64-glibc/-/watcher-linux-arm64-glibc-2.5.6.tgz",
      "integrity": "sha512-f2g/DT3NhGPdBmMWYoxixqYr3v/UXcmLOYy16Bx0TM20Tchduwr4EaCbmxh1321TABqPGDpS8D/ggOTaljijOA==",
      "cpu": [
        "arm64"
      ],
      "license": "MIT",
      "optional": true,
      "os": [
        "linux"
      ],
      "engines": {
        "node": ">= 10.0.0"
      },
      "funding": {
        "type": "opencollective",
        "url": "https://opencollective.com/parcel"
      }
    },
    "node_modules/@parcel/watcher-linux-arm64-musl": {
      "version": "2.5.6",
      "resolved": "https://registry.npmjs.org/@parcel/watcher-linux-arm64-musl/-/watcher-linux-arm64-musl-2.5.6.tgz",
      "integrity": "sha512-qb6naMDGlbCwdhLj6hgoVKJl2odL34z2sqkC7Z6kzir8b5W65WYDpLB6R06KabvZdgoHI/zxke4b3zR0wAbDTA==",
      "cpu": [
        "arm64"
      ],
      "license": "MIT",
      "optional": true,
      "os": [
        "linux"
      ],
      "engines": {
        "node": ">= 10.0.0"
      },
      "funding": {
        "type": "opencollective",
        "url": "https://opencollective.com/parcel"
      }
    },
    "node_modules/@parcel/watcher-linux-x64-glibc": {
      "version": "2.5.6",
      "resolved": "https://registry.npmjs.org/@parcel/watcher-linux-x64-glibc/-/watcher-linux-x64-glibc-2.5.6.tgz",
      "integrity": "sha512-kbT5wvNQlx7NaGjzPFu8nVIW1rWqV780O7ZtkjuWaPUgpv2NMFpjYERVi0UYj1msZNyCzGlaCWEtzc+exjMGbQ==",
      "cpu": [
        "x64"
      ],
      "license": "MIT",
      "optional": true,
      "os": [
        "linux"
      ],
      "engines": {
        "node": ">= 10.0.0"
      },
      "funding": {
        "type": "opencollective",
        "url": "https://opencollective.com/parcel"
      }
    },
    "node_modules/@parcel/watcher-linux-x64-musl": {
      "version": "2.5.6",
      "resolved": "https://registry.npmjs.org/@parcel/watcher-linux-x64-musl/-/watcher-linux-x64-musl-2.5.6.tgz",
      "integrity": "sha512-1JRFeC+h7RdXwldHzTsmdtYR/Ku8SylLgTU/reMuqdVD7CtLwf0VR1FqeprZ0eHQkO0vqsbvFLXUmYm/uNKJBg==",
      "cpu": [
        "x64"
      ],
      "license": "MIT",
      "optional": true,
      "os": [
        "linux"
      ],
      "engines": {
        "node": ">= 10.0.0"
      },
      "funding": {
        "type": "opencollective",
        "url": "https://opencollective.com/parcel"
      }
    },
    "node_modules/@parcel/watcher-win32-arm64": {
      "version": "2.5.6",
      "resolved": "https://registry.npmjs.org/@parcel/watcher-win32-arm64/-/watcher-win32-arm64-2.5.6.tgz",
      "integrity": "sha512-3ukyebjc6eGlw9yRt678DxVF7rjXatWiHvTXqphZLvo7aC5NdEgFufVwjFfY51ijYEWpXbqF5jtrK275z52D4Q==",
      "cpu": [
        "arm64"
      ],
      "license": "MIT",
      "optional": true,
      "os": [
        "win32"
      ],
      "engines": {
        "node": ">= 10.0.0"
      },
      "funding": {
        "type": "opencollective",
        "url": "https://opencollective.com/parcel"
      }
    },
    "node_modules/@parcel/watcher-win32-ia32": {
      "version": "2.5.6",
      "resolved": "https://registry.npmjs.org/@parcel/watcher-win32-ia32/-/watcher-win32-ia32-2.5.6.tgz",
      "integrity": "sha512-k35yLp1ZMwwee3Ez/pxBi5cf4AoBKYXj00CZ80jUz5h8prpiaQsiRPKQMxoLstNuqe2vR4RNPEAEcjEFzhEz/g==",
      "cpu": [
        "ia32"
      ],
      "license": "MIT",
      "optional": true,
      "os": [
        "win32"
      ],
      "engines": {
        "node": ">= 10.0.0"
      },
      "funding": {
        "type": "opencollective",
        "url": "https://opencollective.com/parcel"
      }
    },
    "node_modules/@parcel/watcher-win32-x64": {
      "version": "2.5.6",
      "resolved": "https://registry.npmjs.org/@parcel/watcher-win32-x64/-/watcher-win32-x64-2.5.6.tgz",
      "integrity": "sha512-hbQlYcCq5dlAX9Qx+kFb0FHue6vbjlf0FrNzSKdYK2APUf7tGfGxQCk2ihEREmbR6ZMc0MVAD5RIX/41gpUzTw==",
      "cpu": [
        "x64"
      ],
      "license": "MIT",
      "optional": true,
      "os": [
        "win32"
      ],
      "engines": {
        "node": ">= 10.0.0"
      },
      "funding": {
        "type": "opencollective",
        "url": "https://opencollective.com/parcel"
      }
    },
    "node_modules/@swc/helpers": {
      "version": "0.5.2",
      "resolved": "https://registry.npmjs.org/@swc/helpers/-/helpers-0.5.2.tgz",
      "integrity": "sha512-E4KcWTpoLHqwPHLxidpOqQbcrZVgi0rsmmZXUle1jXmJfuIf/UWpczUJ7MZZ5tlxytgJXyp0w4PGkkeLiuIdZw==",
      "dependencies": {
        "tslib": "^2.4.0"
      }
    },
    "node_modules/@zeit/next-source-maps": {
      "version": "0.0.4-canary.1",
      "resolved": "https://registry.npmjs.org/@zeit/next-source-maps/-/next-source-maps-0.0.4-canary.1.tgz",
      "integrity": "sha512-SPQCLs7ToaqzQnqXqGSCoL7KTlnOAao+1F5hy7Hkuq85TjHsUC3eeLsmVrBIraIhXG/ARHmZ0JHOesPDtBfpzw==",
      "deprecated": "Next.js now has built-in support for Source Maps: https://nextjs.org/docs/advanced-features/source-maps"
    },
    "node_modules/busboy": {
      "version": "1.6.0",
      "resolved": "https://registry.npmjs.org/busboy/-/busboy-1.6.0.tgz",
      "integrity": "sha512-8SFQbg/0hQ9xy3UNTB0YEnsNBbWfhf7RtnzpL7TkBiTBRfrQ9Fxcnz7VJsleJpyp6rVLvXiuORqjlHi5q+PYuA==",
      "dependencies": {
        "streamsearch": "^1.1.0"
      },
      "engines": {
        "node": ">=10.16.0"
      }
    },
    "node_modules/caniuse-lite": {
      "version": "1.0.30001458",
      "resolved": "https://registry.npmjs.org/caniuse-lite/-/caniuse-lite-1.0.30001458.tgz",
      "integrity": "sha512-lQ1VlUUq5q9ro9X+5gOEyH7i3vm+AYVT1WDCVB69XOZ17KZRhnZ9J0Sqz7wTHQaLBJccNCHq8/Ww5LlOIZbB0w==",
      "funding": [
        {
          "type": "opencollective",
          "url": "https://opencollective.com/browserslist"
        },
        {
          "type": "tidelift",
          "url": "https://tidelift.com/funding/github/npm/caniuse-lite"
        }
      ]
    },
    "node_modules/chokidar": {
      "version": "4.0.3",
      "resolved": "https://registry.npmjs.org/chokidar/-/chokidar-4.0.3.tgz",
      "integrity": "sha512-Qgzu8kfBvo+cA4962jnP1KkS6Dop5NS6g7R5LFYJr4b8Ub94PPQXUksCw9PvXoeXPRRddRNC5C1JQUR2SMGtnA==",
      "license": "MIT",
      "dependencies": {
        "readdirp": "^4.0.1"
      },
      "engines": {
        "node": ">= 14.16.0"
      },
      "funding": {
        "url": "https://paulmillr.com/funding/"
      }
    },
    "node_modules/client-only": {
      "version": "0.0.1",
      "resolved": "https://registry.npmjs.org/client-only/-/client-only-0.0.1.tgz",
      "integrity": "sha512-IV3Ou0jSMzZrd3pZ48nLkT9DA7Ag1pnPzaiQhpW7c3RbcqqzvzzVu+L8gfqMp/8IM2MQtSiqaCxrrcfu8I8rMA=="
    },
    "node_modules/detect-libc": {
      "version": "2.1.2",
      "resolved": "https://registry.npmjs.org/detect-libc/-/detect-libc-2.1.2.tgz",
      "integrity": "sha512-Btj2BOOO83o3WyH59e8MgXsxEQVcarkUOpEYrubB0urwnN10yQ364rsiByU11nZlqWYZm05i/of7io4mzihBtQ==",
      "license": "Apache-2.0",
      "optional": true,
      "engines": {
        "node": ">=8"
      }
    },
    "node_modules/glob-to-regexp": {
      "version": "0.4.1",
      "resolved": "https://registry.npmjs.org/glob-to-regexp/-/glob-to-regexp-0.4.1.tgz",
      "integrity": "sha512-lkX1HJXwyMcprw/5YUZc2s7DrpAiHB21/V+E1rHUrVNokkvB6bqMzT0VfV6/86ZNabt1k14YOIaT7nDvOX3Iiw=="
    },
    "node_modules/graceful-fs": {
      "version": "4.2.11",
      "resolved": "https://registry.npmjs.org/graceful-fs/-/graceful-fs-4.2.11.tgz",
      "integrity": "sha512-RbJ5/jmFcNNCcDV5o9eTnBLJ/HszWV0P73bc+Ff4nS/rJj+YaS6IGyiOL0VoBYX+l1Wrl3k63h/KrH+nhJ0XvQ=="
    },
    "node_modules/immutable": {
      "version": "5.1.5",
      "resolved": "https://registry.npmjs.org/immutable/-/immutable-5.1.5.tgz",
      "integrity": "sha512-t7xcm2siw+hlUM68I+UEOK+z84RzmN59as9DZ7P1l0994DKUWV7UXBMQZVxaoMSRQ+PBZbHCOoBt7a2wxOMt+A==",
      "license": "MIT"
    },
    "node_modules/is-extglob": {
      "version": "2.1.1",
      "resolved": "https://registry.npmjs.org/is-extglob/-/is-extglob-2.1.1.tgz",
      "integrity": "sha512-SbKbANkN603Vi4jEZv49LeVJMn4yGwsbzZworEoyEiutsN3nJYdbO36zfhGJ6QEDpOZIFkDtnq5JRxmvl3jsoQ==",
      "license": "MIT",
      "optional": true,
      "engines": {
        "node": ">=0.10.0"
      }
    },
    "node_modules/is-glob": {
      "version": "4.0.3",
      "resolved": "https://registry.npmjs.org/is-glob/-/is-glob-4.0.3.tgz",
      "integrity": "sha512-xelSayHH36ZgE7ZWhli7pW34hNbNl8Ojv5KVmkJD4hBdD3th8Tfk9vYasLM+mXWOZhFkgZfxhLSnrwRr4elSSg==",
      "license": "MIT",
      "optional": true,
      "dependencies": {
        "is-extglob": "^2.1.1"
      },
      "engines": {
        "node": ">=0.10.0"
      }
    },
    "node_modules/nanoid": {
      "version": "3.3.8",
      "resolved": "https://registry.npmjs.org/nanoid/-/nanoid-3.3.8.tgz",
      "integrity": "sha512-WNLf5Sd8oZxOm+TzppcYk8gVOgP+l58xNy58D0nbUnOxOWRWvlcCV4kUF7ltmI6PsrLl/BgKEyS4mqsGChFN0w==",
      "funding": [
        {
          "type": "github",
          "url": "https://github.com/sponsors/ai"
        }
      ],
      "bin": {
        "nanoid": "bin/nanoid.cjs"
      },
      "engines": {
        "node": "^10 || ^12 || ^13.7 || ^14 || >=15.0.1"
      }
    },
    "node_modules/next": {
      "version": "13.5.4",
      "resolved": "https://registry.npmjs.org/next/-/next-13.5.4.tgz",
      "integrity": "sha512-+93un5S779gho8y9ASQhb/bTkQF17FNQOtXLKAj3lsNgltEcF0C5PMLLncDmH+8X1EnJH1kbqAERa29nRXqhjA==",
      "dependencies": {
        "@next/env": "13.5.4",
        "@swc/helpers": "0.5.2",
        "busboy": "1.6.0",
        "caniuse-lite": "^1.0.30001406",
        "postcss": "8.4.31",
        "styled-jsx": "5.1.1",
        "watchpack": "2.4.0"
      },
      "bin": {
        "next": "dist/bin/next"
      },
      "engines": {
        "node": ">=16.14.0"
      },
      "optionalDependencies": {
        "@next/swc-darwin-arm64": "13.5.4",
        "@next/swc-darwin-x64": "13.5.4",
        "@next/swc-linux-arm64-gnu": "13.5.4",
        "@next/swc-linux-arm64-musl": "13.5.4",
        "@next/swc-linux-x64-gnu": "13.5.4",
        "@next/swc-linux-x64-musl": "13.5.4",
        "@next/swc-win32-arm64-msvc": "13.5.4",
        "@next/swc-win32-ia32-msvc": "13.5.4",
        "@next/swc-win32-x64-msvc": "13.5.4"
      },
      "peerDependencies": {
        "@opentelemetry/api": "^1.1.0",
        "react": "^18.2.0",
        "react-dom": "^18.2.0",
        "sass": "^1.3.0"
      },
      "peerDependenciesMeta": {
        "@opentelemetry/api": {
          "optional": true
        },
        "sass": {
          "optional": true
        }
      }
    },
    "node_modules/node-addon-api": {
      "version": "7.1.1",
      "resolved": "https://registry.npmjs.org/node-addon-api/-/node-addon-api-7.1.1.tgz",
      "integrity": "sha512-5m3bsyrjFWE1xf7nz7YXdN4udnVtXK6/Yfgn5qnahL6bCkf2yKt4k3nuTKAtT4r3IG8JNR2ncsIMdZuAzJjHQQ==",
      "license": "MIT",
      "optional": true
    },
    "node_modules/picocolors": {
      "version": "1.0.0",
      "resolved": "https://registry.npmjs.org/picocolors/-/picocolors-1.0.0.tgz",
      "integrity": "sha512-1fygroTLlHu66zi26VoTDv8yRgm0Fccecssto+MhsZ0D/DGW2sm8E8AjW7NU5VVTRt5GxbeZ5qBuJr+HyLYkjQ=="
    },
    "node_modules/picomatch": {
      "version": "4.0.4",
      "resolved": "https://registry.npmjs.org/picomatch/-/picomatch-4.0.4.tgz",
      "integrity": "sha512-QP88BAKvMam/3NxH6vj2o21R6MjxZUAd6nlwAS/pnGvN9IVLocLHxGYIzFhg6fUQ+5th6P4dv4eW9jX3DSIj7A==",
      "license": "MIT",
      "optional": true,
      "engines": {
        "node": ">=12"
      },
      "funding": {
        "url": "https://github.com/sponsors/jonschlinkert"
      }
    },
    "node_modules/postcss": {
      "version": "8.4.31",
      "resolved": "https://registry.npmjs.org/postcss/-/postcss-8.4.31.tgz",
      "integrity": "sha512-PS08Iboia9mts/2ygV3eLpY5ghnUcfLV/EXTOW1E2qYxJKGGBUtNjN76FYHnMs36RmARn41bC0AZmn+rR0OVpQ==",
      "funding": [
        {
          "type": "opencollective",
          "url": "https://opencollective.com/postcss/"
        },
        {
          "type": "tidelift",
          "url": "https://tidelift.com/funding/github/npm/postcss"
        },
        {
          "type": "github",
          "url": "https://github.com/sponsors/ai"
        }
      ],
      "dependencies": {
        "nanoid": "^3.3.6",
        "picocolors": "^1.0.0",
        "source-map-js": "^1.0.2"
      },
      "engines": {
        "node": "^10 || ^12 || >=14"
      }
    },
    "node_modules/react": {
      "resolved": "../node_modules/react",
      "link": true
    },
    "node_modules/react-dom": {
      "resolved": "../node_modules/react-dom",
      "link": true
    },
    "node_modules/readdirp": {
      "version": "4.1.2",
      "resolved": "https://registry.npmjs.org/readdirp/-/readdirp-4.1.2.tgz",
      "integrity": "sha512-GDhwkLfywWL2s6vEjyhri+eXmfH6j1L7JE27WhqLeYzoh/A3DBaYGEj2H/HFZCn/kMfim73FXxEJTw06WtxQwg==",
      "license": "MIT",
      "engines": {
        "node": ">= 14.18.0"
      },
      "funding": {
        "type": "individual",
        "url": "https://paulmillr.com/funding/"
      }
    },
    "node_modules/sass": {
      "version": "1.99.0",
      "resolved": "https://registry.npmjs.org/sass/-/sass-1.99.0.tgz",
      "integrity": "sha512-kgW13M54DUB7IsIRM5LvJkNlpH+WhMpooUcaWGFARkF1Tc82v9mIWkCbCYf+MBvpIUBSeSOTilpZjEPr2VYE6Q==",
      "license": "MIT",
      "dependencies": {
        "chokidar": "^4.0.0",
        "immutable": "^5.1.5",
        "source-map-js": ">=0.6.2 <2.0.0"
      },
      "bin": {
        "sass": "sass.js"
      },
      "engines": {
        "node": ">=14.0.0"
      },
      "optionalDependencies": {
        "@parcel/watcher": "^2.4.1"
      }
    },
    "node_modules/source-map-js": {
      "version": "1.0.2",
      "resolved": "https://registry.npmjs.org/source-map-js/-/source-map-js-1.0.2.tgz",
      "integrity": "sha512-R0XvVJ9WusLiqTCEiGCmICCMplcCkIwwR11mOSD9CR5u+IXYdiseeEuXCVAjS54zqwkLcPNnmU4OeJ6tUrWhDw==",
      "engines": {
        "node": ">=0.10.0"
      }
    },
    "node_modules/streamsearch": {
      "version": "1.1.0",
      "resolved": "https://registry.npmjs.org/streamsearch/-/streamsearch-1.1.0.tgz",
      "integrity": "sha512-Mcc5wHehp9aXz1ax6bZUyY5afg9u2rv5cqQI3mRrYkGC8rW2hM02jWuwjtL++LS5qinSyhj2QfLyNsuc+VsExg==",
      "engines": {
        "node": ">=10.0.0"
      }
    },
    "node_modules/styled-jsx": {
      "version": "5.1.1",
      "resolved": "https://registry.npmjs.org/styled-jsx/-/styled-jsx-5.1.1.tgz",
      "integrity": "sha512-pW7uC1l4mBZ8ugbiZrcIsiIvVx1UmTfw7UkC3Um2tmfUq9Bhk8IiyEIPl6F8agHgjzku6j0xQEZbfA5uSgSaCw==",
      "dependencies": {
        "client-only": "0.0.1"
      },
      "engines": {
        "node": ">= 12.0.0"
      },
      "peerDependencies": {
        "react": ">= 16.8.0 || 17.x.x || ^18.0.0-0"
      },
      "peerDependenciesMeta": {
        "@babel/core": {
          "optional": true
        },
        "babel-plugin-macros": {
          "optional": true
        }
      }
    },
    "node_modules/tslib": {
      "version": "2.6.2",
      "resolved": "https://registry.npmjs.org/tslib/-/tslib-2.6.2.tgz",
      "integrity": "sha512-AEYxH93jGFPn/a2iVAwW87VuUIkR1FVUKB77NwMF7nBTDkDrrT/Hpt/IrCJ0QXhW27jTBDcf5ZY7w6RiqTMw2Q=="
    },
    "node_modules/watchpack": {
      "version": "2.4.0",
      "resolved": "https://registry.npmjs.org/watchpack/-/watchpack-2.4.0.tgz",
      "integrity": "sha512-Lcvm7MGST/4fup+ifyKi2hjyIAwcdI4HRgtvTpIUxBRhB+RFtUh8XtDOxUfctVCnhVi+QQj49i91OyvzkJl6cg==",
      "dependencies": {
        "glob-to-regexp": "^0.4.1",
        "graceful-fs": "^4.1.2"
      },
      "engines": {
        "node": ">=10.13.0"
      }
    }
  },
  "dependencies": {
    "@etchteam/next-pagination": {
      "version": "file:..",
      "requires": {
        "@types/jest": "^27.5.0",
        "@types/lodash": "^4.14.182",
        "@types/node": "^17.0.31",
        "@types/react": "^18.0.8",
        "@typescript-eslint/eslint-plugin": "^5.22.0",
        "@typescript-eslint/parser": "^5.22.0",
        "babel-eslint": "^10.0.3",
        "classnames": "^2.3.1",
        "cross-env": "^7.0.2",
        "eslint": "^7.1.0",
        "eslint-config-prettier": "^6.7.0",
        "eslint-plugin-import": "^2.26.0",
        "eslint-plugin-prettier": "^3.1.1",
        "eslint-plugin-react": "^7.17.0",
        "gh-pages": "^5.0.0",
        "lodash": "4.18.1",
        "microbundle-crl": "^0.13.8",
        "next": "^16.1.5",
        "npm-run-all": "^4.1.5",
        "prettier": "^2.0.4",
        "query-string": "6.12.1",
        "react": "^18.2.0",
        "react-dom": "^18.2.0",
        "react-scripts": "^5.0.1",
        "typescript": "^4.6.4"
      },
      "dependencies": {
        "react": {
          "version": "18.2.0",
          "requires": {
            "loose-envify": "^1.1.0"
          }
        },
        "react-dom": {
          "version": "18.2.0",
          "requires": {
            "loose-envify": "^1.1.0",
            "scheduler": "^0.23.0"
          }
        }
      }
    },
    "@next/env": {
      "version": "13.5.4",
      "resolved": "https://registry.npmjs.org/@next/env/-/env-13.5.4.tgz",
      "integrity": "sha512-LGegJkMvRNw90WWphGJ3RMHMVplYcOfRWf2Be3td3sUa+1AaxmsYyANsA+znrGCBjXJNi4XAQlSoEfUxs/4kIQ=="
    },
    "@next/swc-darwin-arm64": {
      "version": "13.5.4",
      "resolved": "https://registry.npmjs.org/@next/swc-darwin-arm64/-/swc-darwin-arm64-13.5.4.tgz",
      "integrity": "sha512-Df8SHuXgF1p+aonBMcDPEsaahNo2TCwuie7VXED4FVyECvdXfRT9unapm54NssV9tF3OQFKBFOdlje4T43VO0w==",
      "optional": true
    },
    "@next/swc-darwin-x64": {
      "version": "13.5.4",
      "resolved": "https://registry.npmjs.org/@next/swc-darwin-x64/-/swc-darwin-x64-13.5.4.tgz",
      "integrity": "sha512-siPuUwO45PnNRMeZnSa8n/Lye5ZX93IJom9wQRB5DEOdFrw0JjOMu1GINB8jAEdwa7Vdyn1oJ2xGNaQpdQQ9Pw==",
      "optional": true
    },
    "@next/swc-linux-arm64-gnu": {
      "version": "13.5.4",
      "resolved": "https://registry.npmjs.org/@next/swc-linux-arm64-gnu/-/swc-linux-arm64-gnu-13.5.4.tgz",
      "integrity": "sha512-l/k/fvRP/zmB2jkFMfefmFkyZbDkYW0mRM/LB+tH5u9pB98WsHXC0WvDHlGCYp3CH/jlkJPL7gN8nkTQVrQ/2w==",
      "optional": true
    },
    "@next/swc-linux-arm64-musl": {
      "version": "13.5.4",
      "resolved": "https://registry.npmjs.org/@next/swc-linux-arm64-musl/-/swc-linux-arm64-musl-13.5.4.tgz",
      "integrity": "sha512-YYGb7SlLkI+XqfQa8VPErljb7k9nUnhhRrVaOdfJNCaQnHBcvbT7cx/UjDQLdleJcfyg1Hkn5YSSIeVfjgmkTg==",
      "optional": true
    },
    "@next/swc-linux-x64-gnu": {
      "version": "13.5.4",
      "resolved": "https://registry.npmjs.org/@next/swc-linux-x64-gnu/-/swc-linux-x64-gnu-13.5.4.tgz",
      "integrity": "sha512-uE61vyUSClnCH18YHjA8tE1prr/PBFlBFhxBZis4XBRJoR+txAky5d7gGNUIbQ8sZZ7LVkSVgm/5Fc7mwXmRAg==",
      "optional": true
    },
    "@next/swc-linux-x64-musl": {
      "version": "13.5.4",
      "resolved": "https://registry.npmjs.org/@next/swc-linux-x64-musl/-/swc-linux-x64-musl-13.5.4.tgz",
      "integrity": "sha512-qVEKFYML/GvJSy9CfYqAdUexA6M5AklYcQCW+8JECmkQHGoPxCf04iMh7CPR7wkHyWWK+XLt4Ja7hhsPJtSnhg==",
      "optional": true
    },
    "@next/swc-win32-arm64-msvc": {
      "version": "13.5.4",
      "resolved": "https://registry.npmjs.org/@next/swc-win32-arm64-msvc/-/swc-win32-arm64-msvc-13.5.4.tgz",
      "integrity": "sha512-mDSQfqxAlfpeZOLPxLymZkX0hYF3juN57W6vFHTvwKlnHfmh12Pt7hPIRLYIShk8uYRsKPtMTth/EzpwRI+u8w==",
      "optional": true
    },
    "@next/swc-win32-ia32-msvc": {
      "version": "13.5.4",
      "resolved": "https://registry.npmjs.org/@next/swc-win32-ia32-msvc/-/swc-win32-ia32-msvc-13.5.4.tgz",
      "integrity": "sha512-aoqAT2XIekIWoriwzOmGFAvTtVY5O7JjV21giozBTP5c6uZhpvTWRbmHXbmsjZqY4HnEZQRXWkSAppsIBweKqw==",
      "optional": true
    },
    "@next/swc-win32-x64-msvc": {
      "version": "13.5.4",
      "resolved": "https://registry.npmjs.org/@next/swc-win32-x64-msvc/-/swc-win32-x64-msvc-13.5.4.tgz",
      "integrity": "sha512-cyRvlAxwlddlqeB9xtPSfNSCRy8BOa4wtMo0IuI9P7Y0XT2qpDrpFKRyZ7kUngZis59mPVla5k8X1oOJ8RxDYg==",
      "optional": true
    },
    "@parcel/watcher": {
      "version": "2.5.6",
      "resolved": "https://registry.npmjs.org/@parcel/watcher/-/watcher-2.5.6.tgz",
      "integrity": "sha512-tmmZ3lQxAe/k/+rNnXQRawJ4NjxO2hqiOLTHvWchtGZULp4RyFeh6aU4XdOYBFe2KE1oShQTv4AblOs2iOrNnQ==",
      "optional": true,
      "requires": {
        "@parcel/watcher-android-arm64": "2.5.6",
        "@parcel/watcher-darwin-arm64": "2.5.6",
        "@parcel/watcher-darwin-x64": "2.5.6",
        "@parcel/watcher-freebsd-x64": "2.5.6",
        "@parcel/watcher-linux-arm-glibc": "2.5.6",
        "@parcel/watcher-linux-arm-musl": "2.5.6",
        "@parcel/watcher-linux-arm64-glibc": "2.5.6",
        "@parcel/watcher-linux-arm64-musl": "2.5.6",
        "@parcel/watcher-linux-x64-glibc": "2.5.6",
        "@parcel/watcher-linux-x64-musl": "2.5.6",
        "@parcel/watcher-win32-arm64": "2.5.6",
        "@parcel/watcher-win32-ia32": "2.5.6",
        "@parcel/watcher-win32-x64": "2.5.6",
        "detect-libc": "^2.0.3",
        "is-glob": "^4.0.3",
        "node-addon-api": "^7.0.0",
        "picomatch": "^4.0.3"
      }
    },
    "@parcel/watcher-android-arm64": {
      "version": "2.5.6",
      "resolved": "https://registry.npmjs.org/@parcel/watcher-android-arm64/-/watcher-android-arm64-2.5.6.tgz",
      "integrity": "sha512-YQxSS34tPF/6ZG7r/Ih9xy+kP/WwediEUsqmtf0cuCV5TPPKw/PQHRhueUo6JdeFJaqV3pyjm0GdYjZotbRt/A==",
      "optional": true
    },
    "@parcel/watcher-darwin-arm64": {
      "version": "2.5.6",
      "resolved": "https://registry.npmjs.org/@parcel/watcher-darwin-arm64/-/watcher-darwin-arm64-2.5.6.tgz",
      "integrity": "sha512-Z2ZdrnwyXvvvdtRHLmM4knydIdU9adO3D4n/0cVipF3rRiwP+3/sfzpAwA/qKFL6i1ModaabkU7IbpeMBgiVEA==",
      "optional": true
    },
    "@parcel/watcher-darwin-x64": {
      "version": "2.5.6",
      "resolved": "https://registry.npmjs.org/@parcel/watcher-darwin-x64/-/watcher-darwin-x64-2.5.6.tgz",
      "integrity": "sha512-HgvOf3W9dhithcwOWX9uDZyn1lW9R+7tPZ4sug+NGrGIo4Rk1hAXLEbcH1TQSqxts0NYXXlOWqVpvS1SFS4fRg==",
      "optional": true
    },
    "@parcel/watcher-freebsd-x64": {
      "version": "2.5.6",
      "resolved": "https://registry.npmjs.org/@parcel/watcher-freebsd-x64/-/watcher-freebsd-x64-2.5.6.tgz",
      "integrity": "sha512-vJVi8yd/qzJxEKHkeemh7w3YAn6RJCtYlE4HPMoVnCpIXEzSrxErBW5SJBgKLbXU3WdIpkjBTeUNtyBVn8TRng==",
      "optional": true
    },
    "@parcel/watcher-linux-arm-glibc": {
      "version": "2.5.6",
      "resolved": "https://registry.npmjs.org/@parcel/watcher-linux-arm-glibc/-/watcher-linux-arm-glibc-2.5.6.tgz",
      "integrity": "sha512-9JiYfB6h6BgV50CCfasfLf/uvOcJskMSwcdH1PHH9rvS1IrNy8zad6IUVPVUfmXr+u+Km9IxcfMLzgdOudz9EQ==",
      "optional": true
    },
    "@parcel/watcher-linux-arm-musl": {
      "version": "2.5.6",
      "resolved": "https://registry.npmjs.org/@parcel/watcher-linux-arm-musl/-/watcher-linux-arm-musl-2.5.6.tgz",
      "integrity": "sha512-Ve3gUCG57nuUUSyjBq/MAM0CzArtuIOxsBdQ+ftz6ho8n7s1i9E1Nmk/xmP323r2YL0SONs1EuwqBp2u1k5fxg==",
      "optional": true
    },
    "@parcel/watcher-linux-arm64-glibc": {
      "version": "2.5.6",
      "resolved": "https://registry.npmjs.org/@parcel/watcher-linux-arm64-glibc/-/watcher-linux-arm64-glibc-2.5.6.tgz",
      "integrity": "sha512-f2g/DT3NhGPdBmMWYoxixqYr3v/UXcmLOYy16Bx0TM20Tchduwr4EaCbmxh1321TABqPGDpS8D/ggOTaljijOA==",
      "optional": true
    },
    "@parcel/watcher-linux-arm64-musl": {
      "version": "2.5.6",
      "resolved": "https://registry.npmjs.org/@parcel/watcher-linux-arm64-musl/-/watcher-linux-arm64-musl-2.5.6.tgz",
      "integrity": "sha512-qb6naMDGlbCwdhLj6hgoVKJl2odL34z2sqkC7Z6kzir8b5W65WYDpLB6R06KabvZdgoHI/zxke4b3zR0wAbDTA==",
      "optional": true
    },
    "@parcel/watcher-linux-x64-glibc": {
      "version": "2.5.6",
      "resolved": "https://registry.npmjs.org/@parcel/watcher-linux-x64-glibc/-/watcher-linux-x64-glibc-2.5.6.tgz",
      "integrity": "sha512-kbT5wvNQlx7NaGjzPFu8nVIW1rWqV780O7ZtkjuWaPUgpv2NMFpjYERVi0UYj1msZNyCzGlaCWEtzc+exjMGbQ==",
      "optional": true
    },
    "@parcel/watcher-linux-x64-musl": {
      "version": "2.5.6",
      "resolved": "https://registry.npmjs.org/@parcel/watcher-linux-x64-musl/-/watcher-linux-x64-musl-2.5.6.tgz",
      "integrity": "sha512-1JRFeC+h7RdXwldHzTsmdtYR/Ku8SylLgTU/reMuqdVD7CtLwf0VR1FqeprZ0eHQkO0vqsbvFLXUmYm/uNKJBg==",
      "optional": true
    },
    "@parcel/watcher-win32-arm64": {
      "version": "2.5.6",
      "resolved": "https://registry.npmjs.org/@parcel/watcher-win32-arm64/-/watcher-win32-arm64-2.5.6.tgz",
      "integrity": "sha512-3ukyebjc6eGlw9yRt678DxVF7rjXatWiHvTXqphZLvo7aC5NdEgFufVwjFfY51ijYEWpXbqF5jtrK275z52D4Q==",
      "optional": true
    },
    "@parcel/watcher-win32-ia32": {
      "version": "2.5.6",
      "resolved": "https://registry.npmjs.org/@parcel/watcher-win32-ia32/-/watcher-win32-ia32-2.5.6.tgz",
      "integrity": "sha512-k35yLp1ZMwwee3Ez/pxBi5cf4AoBKYXj00CZ80jUz5h8prpiaQsiRPKQMxoLstNuqe2vR4RNPEAEcjEFzhEz/g==",
      "optional": true
    },
    "@parcel/watcher-win32-x64": {
      "version": "2.5.6",
      "resolved": "https://registry.npmjs.org/@parcel/watcher-win32-x64/-/watcher-win32-x64-2.5.6.tgz",
      "integrity": "sha512-hbQlYcCq5dlAX9Qx+kFb0FHue6vbjlf0FrNzSKdYK2APUf7tGfGxQCk2ihEREmbR6ZMc0MVAD5RIX/41gpUzTw==",
      "optional": true
    },
    "@swc/helpers": {
      "version": "0.5.2",
      "resolved": "https://registry.npmjs.org/@swc/helpers/-/helpers-0.5.2.tgz",
      "integrity": "sha512-E4KcWTpoLHqwPHLxidpOqQbcrZVgi0rsmmZXUle1jXmJfuIf/UWpczUJ7MZZ5tlxytgJXyp0w4PGkkeLiuIdZw==",
      "requires": {
        "tslib": "^2.4.0"
      }
    },
    "@zeit/next-source-maps": {
      "version": "0.0.4-canary.1",
      "resolved": "https://registry.npmjs.org/@zeit/next-source-maps/-/next-source-maps-0.0.4-canary.1.tgz",
      "integrity": "sha512-SPQCLs7ToaqzQnqXqGSCoL7KTlnOAao+1F5hy7Hkuq85TjHsUC3eeLsmVrBIraIhXG/ARHmZ0JHOesPDtBfpzw=="
    },
    "busboy": {
      "version": "1.6.0",
      "resolved": "https://registry.npmjs.org/busboy/-/busboy-1.6.0.tgz",
      "integrity": "sha512-8SFQbg/0hQ9xy3UNTB0YEnsNBbWfhf7RtnzpL7TkBiTBRfrQ9Fxcnz7VJsleJpyp6rVLvXiuORqjlHi5q+PYuA==",
      "requires": {
        "streamsearch": "^1.1.0"
      }
    },
    "caniuse-lite": {
      "version": "1.0.30001458",
      "resolved": "https://registry.npmjs.org/caniuse-lite/-/caniuse-lite-1.0.30001458.tgz",
      "integrity": "sha512-lQ1VlUUq5q9ro9X+5gOEyH7i3vm+AYVT1WDCVB69XOZ17KZRhnZ9J0Sqz7wTHQaLBJccNCHq8/Ww5LlOIZbB0w=="
    },
    "chokidar": {
      "version": "4.0.3",
      "resolved": "https://registry.npmjs.org/chokidar/-/chokidar-4.0.3.tgz",
      "integrity": "sha512-Qgzu8kfBvo+cA4962jnP1KkS6Dop5NS6g7R5LFYJr4b8Ub94PPQXUksCw9PvXoeXPRRddRNC5C1JQUR2SMGtnA==",
      "requires": {
        "readdirp": "^4.0.1"
      }
    },
    "client-only": {
      "version": "0.0.1",
      "resolved": "https://registry.npmjs.org/client-only/-/client-only-0.0.1.tgz",
      "integrity": "sha512-IV3Ou0jSMzZrd3pZ48nLkT9DA7Ag1pnPzaiQhpW7c3RbcqqzvzzVu+L8gfqMp/8IM2MQtSiqaCxrrcfu8I8rMA=="
    },
    "detect-libc": {
      "version": "2.1.2",
      "resolved": "https://registry.npmjs.org/detect-libc/-/detect-libc-2.1.2.tgz",
      "integrity": "sha512-Btj2BOOO83o3WyH59e8MgXsxEQVcarkUOpEYrubB0urwnN10yQ364rsiByU11nZlqWYZm05i/of7io4mzihBtQ==",
      "optional": true
    },
    "glob-to-regexp": {
      "version": "0.4.1",
      "resolved": "https://registry.npmjs.org/glob-to-regexp/-/glob-to-regexp-0.4.1.tgz",
      "integrity": "sha512-lkX1HJXwyMcprw/5YUZc2s7DrpAiHB21/V+E1rHUrVNokkvB6bqMzT0VfV6/86ZNabt1k14YOIaT7nDvOX3Iiw=="
    },
    "graceful-fs": {
      "version": "4.2.11",
      "resolved": "https://registry.npmjs.org/graceful-fs/-/graceful-fs-4.2.11.tgz",
      "integrity": "sha512-RbJ5/jmFcNNCcDV5o9eTnBLJ/HszWV0P73bc+Ff4nS/rJj+YaS6IGyiOL0VoBYX+l1Wrl3k63h/KrH+nhJ0XvQ=="
    },
    "immutable": {
      "version": "5.1.5",
      "resolved": "https://registry.npmjs.org/immutable/-/immutable-5.1.5.tgz",
      "integrity": "sha512-t7xcm2siw+hlUM68I+UEOK+z84RzmN59as9DZ7P1l0994DKUWV7UXBMQZVxaoMSRQ+PBZbHCOoBt7a2wxOMt+A=="
    },
    "is-extglob": {
      "version": "2.1.1",
      "resolved": "https://registry.npmjs.org/is-extglob/-/is-extglob-2.1.1.tgz",
      "integrity": "sha512-SbKbANkN603Vi4jEZv49LeVJMn4yGwsbzZworEoyEiutsN3nJYdbO36zfhGJ6QEDpOZIFkDtnq5JRxmvl3jsoQ==",
      "optional": true
    },
    "is-glob": {
      "version": "4.0.3",
      "resolved": "https://registry.npmjs.org/is-glob/-/is-glob-4.0.3.tgz",
      "integrity": "sha512-xelSayHH36ZgE7ZWhli7pW34hNbNl8Ojv5KVmkJD4hBdD3th8Tfk9vYasLM+mXWOZhFkgZfxhLSnrwRr4elSSg==",
      "optional": true,
      "requires": {
        "is-extglob": "^2.1.1"
      }
    },
    "nanoid": {
      "version": "3.3.8",
      "resolved": "https://registry.npmjs.org/nanoid/-/nanoid-3.3.8.tgz",
      "integrity": "sha512-WNLf5Sd8oZxOm+TzppcYk8gVOgP+l58xNy58D0nbUnOxOWRWvlcCV4kUF7ltmI6PsrLl/BgKEyS4mqsGChFN0w=="
    },
    "next": {
      "version": "13.5.4",
      "resolved": "https://registry.npmjs.org/next/-/next-13.5.4.tgz",
      "integrity": "sha512-+93un5S779gho8y9ASQhb/bTkQF17FNQOtXLKAj3lsNgltEcF0C5PMLLncDmH+8X1EnJH1kbqAERa29nRXqhjA==",
      "requires": {
        "@next/env": "13.5.4",
        "@next/swc-darwin-arm64": "13.5.4",
        "@next/swc-darwin-x64": "13.5.4",
        "@next/swc-linux-arm64-gnu": "13.5.4",
        "@next/swc-linux-arm64-musl": "13.5.4",
        "@next/swc-linux-x64-gnu": "13.5.4",
        "@next/swc-linux-x64-musl": "13.5.4",
        "@next/swc-win32-arm64-msvc": "13.5.4",
        "@next/swc-win32-ia32-msvc": "13.5.4",
        "@next/swc-win32-x64-msvc": "13.5.4",
        "@swc/helpers": "0.5.2",
        "busboy": "1.6.0",
        "caniuse-lite": "^1.0.30001406",
        "postcss": "8.4.31",
        "styled-jsx": "5.1.1",
        "watchpack": "2.4.0"
      }
    },
    "node-addon-api": {
      "version": "7.1.1",
      "resolved": "https://registry.npmjs.org/node-addon-api/-/node-addon-api-7.1.1.tgz",
      "integrity": "sha512-5m3bsyrjFWE1xf7nz7YXdN4udnVtXK6/Yfgn5qnahL6bCkf2yKt4k3nuTKAtT4r3IG8JNR2ncsIMdZuAzJjHQQ==",
      "optional": true
    },
    "picocolors": {
      "version": "1.0.0",
      "resolved": "https://registry.npmjs.org/picocolors/-/picocolors-1.0.0.tgz",
      "integrity": "sha512-1fygroTLlHu66zi26VoTDv8yRgm0Fccecssto+MhsZ0D/DGW2sm8E8AjW7NU5VVTRt5GxbeZ5qBuJr+HyLYkjQ=="
    },
    "picomatch": {
      "version": "4.0.4",
      "resolved": "https://registry.npmjs.org/picomatch/-/picomatch-4.0.4.tgz",
      "integrity": "sha512-QP88BAKvMam/3NxH6vj2o21R6MjxZUAd6nlwAS/pnGvN9IVLocLHxGYIzFhg6fUQ+5th6P4dv4eW9jX3DSIj7A==",
      "optional": true
    },
    "postcss": {
      "version": "8.4.31",
      "resolved": "https://registry.npmjs.org/postcss/-/postcss-8.4.31.tgz",
      "integrity": "sha512-PS08Iboia9mts/2ygV3eLpY5ghnUcfLV/EXTOW1E2qYxJKGGBUtNjN76FYHnMs36RmARn41bC0AZmn+rR0OVpQ==",
      "requires": {
        "nanoid": "^3.3.6",
        "picocolors": "^1.0.0",
        "source-map-js": "^1.0.2"
      }
    },
    "react": {
      "version": "file:../node_modules/react",
      "requires": {
        "loose-envify": "^1.1.0"
      }
    },
    "react-dom": {
      "version": "file:../node_modules/react-dom",
      "requires": {
        "loose-envify": "^1.1.0",
        "scheduler": "^0.23.0"
      }
    },
    "readdirp": {
      "version": "4.1.2",
      "resolved": "https://registry.npmjs.org/readdirp/-/readdirp-4.1.2.tgz",
      "integrity": "sha512-GDhwkLfywWL2s6vEjyhri+eXmfH6j1L7JE27WhqLeYzoh/A3DBaYGEj2H/HFZCn/kMfim73FXxEJTw06WtxQwg=="
    },
    "sass": {
      "version": "1.99.0",
      "resolved": "https://registry.npmjs.org/sass/-/sass-1.99.0.tgz",
      "integrity": "sha512-kgW13M54DUB7IsIRM5LvJkNlpH+WhMpooUcaWGFARkF1Tc82v9mIWkCbCYf+MBvpIUBSeSOTilpZjEPr2VYE6Q==",
      "requires": {
        "@parcel/watcher": "^2.4.1",
        "chokidar": "^4.0.0",
        "immutable": "^5.1.5",
        "source-map-js": ">=0.6.2 <2.0.0"
      }
    },
    "source-map-js": {
      "version": "1.0.2",
      "resolved": "https://registry.npmjs.org/source-map-js/-/source-map-js-1.0.2.tgz",
      "integrity": "sha512-R0XvVJ9WusLiqTCEiGCmICCMplcCkIwwR11mOSD9CR5u+IXYdiseeEuXCVAjS54zqwkLcPNnmU4OeJ6tUrWhDw=="
    },
    "streamsearch": {
      "version": "1.1.0",
      "resolved": "https://registry.npmjs.org/streamsearch/-/streamsearch-1.1.0.tgz",
      "integrity": "sha512-Mcc5wHehp9aXz1ax6bZUyY5afg9u2rv5cqQI3mRrYkGC8rW2hM02jWuwjtL++LS5qinSyhj2QfLyNsuc+VsExg=="
    },
    "styled-jsx": {
      "version": "5.1.1",
      "resolved": "https://registry.npmjs.org/styled-jsx/-/styled-jsx-5.1.1.tgz",
      "integrity": "sha512-pW7uC1l4mBZ8ugbiZrcIsiIvVx1UmTfw7UkC3Um2tmfUq9Bhk8IiyEIPl6F8agHgjzku6j0xQEZbfA5uSgSaCw==",
      "requires": {
        "client-only": "0.0.1"
      }
    },
    "tslib": {
      "version": "2.6.2",
      "resolved": "https://registry.npmjs.org/tslib/-/tslib-2.6.2.tgz",
      "integrity": "sha512-AEYxH93jGFPn/a2iVAwW87VuUIkR1FVUKB77NwMF7nBTDkDrrT/Hpt/IrCJ0QXhW27jTBDcf5ZY7w6RiqTMw2Q=="
    },
    "watchpack": {
      "version": "2.4.0",
      "resolved": "https://registry.npmjs.org/watchpack/-/watchpack-2.4.0.tgz",
      "integrity": "sha512-Lcvm7MGST/4fup+ifyKi2hjyIAwcdI4HRgtvTpIUxBRhB+RFtUh8XtDOxUfctVCnhVi+QQj49i91OyvzkJl6cg==",
      "requires": {
        "glob-to-regexp": "^0.4.1",
        "graceful-fs": "^4.1.2"
      }
    }
  }
}
